--- 
dependencies: 
  ruby-debug: 
    group: 
    - :development
    version: ~> 0.10.3
    require: []

  rails: 
    group: 
    - :rails
    version: ~> 2.3.5
    require: []

  haml-coderay: 
    group: 
    - :default
    version: ">= 0"
  httparty: 
    group: 
    - :default
    version: ">= 0"
  mysql: 
    group: 
    - :default
    version: ~> 2.8.1
  haml: 
    group: 
    - :default
    version: ">= 0"
  memcache-client: 
    group: 
    - :rails
    version: ">= 1.7.4"
    require: []

  sqlite3-ruby: 
    group: 
    - :development
    version: ~> 1.2.5
    require: []

  rspec-rails: 
    group: 
    - :testing
    version: ~> 1.3.2
    require: 
    - spec/rails
  thin: 
    group: 
    - :default
    version: ">= 0"
  database_cleaner: 
    group: 
    - :testing
    version: ~> 0.5.0
  will_paginate: 
    group: 
    - :plugins
    version: ~> 2.3
  paperclip: 
    group: 
    - :plugins
    version: ~> 2.3.1
  factory_girl: 
    group: 
    - :testing
    version: ~> 1.2.3
  cucumber-rails: 
    group: 
    - :testing
    version: ~> 0.3.0
    require: []

  pickle: 
    group: 
    - :testing
    version: ~> 0.2.1
  aws-s3: 
    group: 
    - :default
    version: ~> 0.6.2
    require: 
    - aws/s3
  RedCloth: 
    group: 
    - :default
    version: ">= 0"
  capybara: 
    group: 
    - :testing
    version: ~> 0.3.5
specs: 
- rake: 
    version: 0.8.7
- RedCloth: 
    version: 4.2.3
- activesupport: 
    version: 2.3.5
- rack: 
    version: 1.0.1
- actionpack: 
    version: 2.3.5
- actionmailer: 
    version: 2.3.5
- activerecord: 
    version: 2.3.5
- activeresource: 
    version: 2.3.5
- builder: 
    version: 2.1.2
- mime-types: 
    version: "1.16"
- xml-simple: 
    version: 1.0.12
- aws-s3: 
    version: 0.6.2
- culerity: 
    version: 0.2.10
- nokogiri: 
    version: 1.4.1
- rack-test: 
    version: 0.5.3
- ffi: 
    version: 0.6.3
- json_pure: 
    version: 1.4.3
- selenium-webdriver: 
    version: 0.0.18
- capybara: 
    version: 0.3.8
- coderay: 
    version: 0.9.3
- columnize: 
    version: 0.3.1
- crack: 
    version: 0.1.6
- diff-lcs: 
    version: 1.1.2
- trollop: 
    version: 1.16.2
- gherkin: 
    version: 1.0.26
- term-ansicolor: 
    version: 1.0.5
- cucumber: 
    version: 0.7.2
- cucumber-rails: 
    version: 0.3.1
- daemons: 
    version: 1.0.10
- database_cleaner: 
    version: 0.5.2
- eventmachine: 
    version: 0.12.10
- factory_girl: 
    version: 1.2.4
- haml: 
    version: 3.0.4
- haml-coderay: 
    version: 0.0.2
- httparty: 
    version: 0.5.2
- linecache: 
    version: "0.43"
- memcache-client: 
    version: 1.8.3
- mysql: 
    version: 2.8.1
- paperclip: 
    version: 2.3.1.1
- pickle: 
    version: 0.2.11
- rails: 
    version: 2.3.5
- rspec: 
    version: 1.3.0
- rspec-rails: 
    version: 1.3.2
- ruby-debug-base: 
    version: 0.10.3
- ruby-debug: 
    version: 0.10.3
- sqlite3-ruby: 
    version: 1.2.5
- thin: 
    version: 1.2.7
- will_paginate: 
    version: 2.3.12
hash: 996952b5eb7aaadbcf06de67dd75fa9e5b125b13
sources: 
- Rubygems: 
    uri: http://gemcutter.org
